
Microsoft Visual Studio Solution File, Format Version 12.00
# Visual Studio Version 17
VisualStudioVersion = 17.0.32014.148
MinimumVisualStudioVersion = 10.0.40219.1
Project("{FAE04EC0-301F-11D3-BF4B-00C04F79EFBC}") = "alıştırmalar2", "alıştırmalar2\alıştırmalar2.csproj", "{06BC50BF-8959-447C-BD79-6C070101147E}"
EndProject
Global
	GlobalSection(SolutionConfigurationPlatforms) = preSolution
		Debug|Any CPU = Debug|Any CPU
		Release|Any CPU = Release|Any CPU
	EndGlobalSection
	GlobalSection(ProjectConfigurationPlatforms) = postSolution
		{06BC50BF-8959-447C-BD79-6C070101147E}.Debug|Any CPU.ActiveCfg = Debug|Any CPU
		{06BC50BF-8959-447C-BD79-6C070101147E}.Debug|Any CPU.Build.0 = Debug|Any CPU
		{06BC50BF-8959-447C-BD79-6C070101147E}.Release|Any CPU.ActiveCfg = Release|Any CPU
		{06BC50BF-8959-447C-BD79-6C070101147E}.Release|Any CPU.Build.0 = Release|Any CPU
	EndGlobalSection
	GlobalSection(SolutionProperties) = preSolution
		HideSolutionNode = FALSE
	EndGlobalSection
	GlobalSection(ExtensibilityGlobals) = postSolution
		SolutionGuid = {F7565224-BD77-4DAE-B90F-3C0ABEBFD9CC}
	EndGlobalSection
EndGlobal
